
Microsoft Visual Studio Solution File, Format Version 12.00
# Visual Studio Version 17
VisualStudioVersion = 17.4.33205.214
MinimumVisualStudioVersion = 10.0.40219.1
Project("{9A19103F-16F7-4668-BE54-9A1E7A4F7556}") = "Client_BLCHxVote_WPF", "Client_BLCHxVote_WPF\Client_BLCHxVote_WPF.csproj", "{132700E8-3DC4-4DF9-A863-E42FB85C7FB5}"
EndProject
Project("{FAE04EC0-301F-11D3-BF4B-00C04F79EFBC}") = "gRPC-Library", "gRPC-Library\gRPC-Library.csproj", "{CEBAE986-D821-4791-B2B3-078749645F5A}"
EndProject
Global
	GlobalSection(SolutionConfigurationPlatforms) = preSolution
		Debug|Any CPU = Debug|Any CPU
		Release|Any CPU = Release|Any CPU
	EndGlobalSection
	GlobalSection(ProjectConfigurationPlatforms) = postSolution
		{132700E8-3DC4-4DF9-A863-E42FB85C7FB5}.Debug|Any CPU.ActiveCfg = Debug|Any CPU
		{132700E8-3DC4-4DF9-A863-E42FB85C7FB5}.Debug|Any CPU.Build.0 = Debug|Any CPU
		{132700E8-3DC4-4DF9-A863-E42FB85C7FB5}.Release|Any CPU.ActiveCfg = Release|Any CPU
		{132700E8-3DC4-4DF9-A863-E42FB85C7FB5}.Release|Any CPU.Build.0 = Release|Any CPU
		{CEBAE986-D821-4791-B2B3-078749645F5A}.Debug|Any CPU.ActiveCfg = Debug|Any CPU
		{CEBAE986-D821-4791-B2B3-078749645F5A}.Debug|Any CPU.Build.0 = Debug|Any CPU
		{CEBAE986-D821-4791-B2B3-078749645F5A}.Release|Any CPU.ActiveCfg = Release|Any CPU
		{CEBAE986-D821-4791-B2B3-078749645F5A}.Release|Any CPU.Build.0 = Release|Any CPU
	EndGlobalSection
	GlobalSection(SolutionProperties) = preSolution
		HideSolutionNode = FALSE
	EndGlobalSection
	GlobalSection(ExtensibilityGlobals) = postSolution
		SolutionGuid = {36347763-2D74-4BF5-86FD-F0CD2DAAE22F}
	EndGlobalSection
EndGlobal
